{
    "name": "t-gesture-recognizer",
    "version": "0.0.0",
    "lockfileVersion": 1,
    "requires": true,
    "dependencies": {
        "tmitter": {
            "version": "3.0.3",
            "resolved": "https://registry.npmjs.org/tmitter/-/tmitter-3.0.3.tgz",
            "integrity": "sha512-ZZi+BP2K17wIBdvGb6oG5PCuQMM98Utku/Z2s4MooMyh/ZC5WWtH/bW175n6LWMk5FkJQ6hfQyicPYbeJsddMw=="
        }
    }
}
